github.com/bbalet/stopwords v1.0.0 h1:0TnGycCtY0zZi4ltKoOGRFIlZHv0WqpoIGUsObjztfo=
github.com/bbalet/stopwords v1.0.0/go.mod h1:sAWrQoDMfqARGIn4s6dp7OW7ISrshUD8IP2q3KoqPjc=
golang.org/x/text v0.3.7 h1:olpwvP2KacW1ZWvsR7uQhoyTYvKAupfQrRGBFM352Gk=
golang.org/x/text v0.3.7/go.mod h1:u+2+/6zg+i71rQMx5EYifcz6MCKuco9NR6JIITiCfzQ=
